
Microsoft Visual Studio Solution File, Format Version 12.00
# Visual Studio Version 17
VisualStudioVersion = 17.14.36518.9
MinimumVisualStudioVersion = 10.0.40219.1
Project("{FAE04EC0-301F-11D3-BF4B-00C04F79EFBC}") = "Stax.Crm", "Stax.Crm\Stax.Crm.csproj", "{DD4C971D-C5EA-43EB-8938-0EA783EF056F}"
EndProject
Project("{FAE04EC0-301F-11D3-BF4B-00C04F79EFBC}") = "Stax.Domain", "Stax.Domain\Stax.Domain.csproj", "{44281BDA-55BE-45BA-853E-90F583AFAFC3}"
EndProject
Project("{FAE04EC0-301F-11D3-BF4B-00C04F79EFBC}") = "Stax.Dto", "Stax.Dto\Stax.Dto.csproj", "{C66152A2-DC87-4704-A3B7-DA5786DDF58A}"
EndProject
Project("{FAE04EC0-301F-11D3-BF4B-00C04F79EFBC}") = "Stax.Persistence", "Stax.Persistence\Stax.Persistence.csproj", "{03617D7C-80AD-4238-87EB-78AE1F2E13A4}"
EndProject
Project("{FAE04EC0-301F-11D3-BF4B-00C04F79EFBC}") = "Stax.Tests", "Stax.Tests\Stax.Tests.csproj", "{43F5EDA3-F8E1-4003-990E-B5195F086DB2}"
EndProject
Global
	GlobalSection(SolutionConfigurationPlatforms) = preSolution
		Debug|Any CPU = Debug|Any CPU
		Release|Any CPU = Release|Any CPU
	EndGlobalSection
	GlobalSection(ProjectConfigurationPlatforms) = postSolution
		{DD4C971D-C5EA-43EB-8938-0EA783EF056F}.Debug|Any CPU.ActiveCfg = Debug|Any CPU
		{DD4C971D-C5EA-43EB-8938-0EA783EF056F}.Debug|Any CPU.Build.0 = Debug|Any CPU
		{DD4C971D-C5EA-43EB-8938-0EA783EF056F}.Release|Any CPU.ActiveCfg = Release|Any CPU
		{DD4C971D-C5EA-43EB-8938-0EA783EF056F}.Release|Any CPU.Build.0 = Release|Any CPU
		{44281BDA-55BE-45BA-853E-90F583AFAFC3}.Debug|Any CPU.ActiveCfg = Debug|Any CPU
		{44281BDA-55BE-45BA-853E-90F583AFAFC3}.Debug|Any CPU.Build.0 = Debug|Any CPU
		{44281BDA-55BE-45BA-853E-90F583AFAFC3}.Release|Any CPU.ActiveCfg = Release|Any CPU
		{44281BDA-55BE-45BA-853E-90F583AFAFC3}.Release|Any CPU.Build.0 = Release|Any CPU
		{C66152A2-DC87-4704-A3B7-DA5786DDF58A}.Debug|Any CPU.ActiveCfg = Debug|Any CPU
		{C66152A2-DC87-4704-A3B7-DA5786DDF58A}.Debug|Any CPU.Build.0 = Debug|Any CPU
		{C66152A2-DC87-4704-A3B7-DA5786DDF58A}.Release|Any CPU.ActiveCfg = Release|Any CPU
		{C66152A2-DC87-4704-A3B7-DA5786DDF58A}.Release|Any CPU.Build.0 = Release|Any CPU
		{03617D7C-80AD-4238-87EB-78AE1F2E13A4}.Debug|Any CPU.ActiveCfg = Debug|Any CPU
		{03617D7C-80AD-4238-87EB-78AE1F2E13A4}.Debug|Any CPU.Build.0 = Debug|Any CPU
		{03617D7C-80AD-4238-87EB-78AE1F2E13A4}.Release|Any CPU.ActiveCfg = Release|Any CPU
		{03617D7C-80AD-4238-87EB-78AE1F2E13A4}.Release|Any CPU.Build.0 = Release|Any CPU
		{43F5EDA3-F8E1-4003-990E-B5195F086DB2}.Debug|Any CPU.ActiveCfg = Debug|Any CPU
		{43F5EDA3-F8E1-4003-990E-B5195F086DB2}.Debug|Any CPU.Build.0 = Debug|Any CPU
		{43F5EDA3-F8E1-4003-990E-B5195F086DB2}.Release|Any CPU.ActiveCfg = Release|Any CPU
		{43F5EDA3-F8E1-4003-990E-B5195F086DB2}.Release|Any CPU.Build.0 = Release|Any CPU
	EndGlobalSection
	GlobalSection(SolutionProperties) = preSolution
		HideSolutionNode = FALSE
	EndGlobalSection
	GlobalSection(ExtensibilityGlobals) = postSolution
		SolutionGuid = {1465A6B5-2478-445D-93A5-5589A2387710}
	EndGlobalSection
EndGlobal
